// !$*UTF8*$!
{
	archiveVersion = 1;
	classes = {
	};
	objectVersion = 46;
	objects = {

/* Begin PBXBuildFile section */
		B91EFB3418DC7D0900393E45 /* Foundation.framework in Frameworks */ = {isa = PBXBuildFile; fileRef = B91EFB3318DC7D0900393E45 /* Foundation.framework */; };
		B91EFB4218DC7D0900393E45 /* XCTest.framework in Frameworks */ = {isa = PBXBuildFile; fileRef = B91EFB4118DC7D0900393E45 /* XCTest.framework */; };
		B91EFB4318DC7D0900393E45 /* Foundation.framework in Frameworks */ = {isa = PBXBuildFile; fileRef = B91EFB3318DC7D0900393E45 /* Foundation.framework */; };
		B91EFB4518DC7D0900393E45 /* UIKit.framework in Frameworks */ = {isa = PBXBuildFile; fileRef = B91EFB4418DC7D0900393E45 /* UIKit.framework */; };
		B91EFB4818DC7D0900393E45 /* libSHDataSources.a in Frameworks */ = {isa = PBXBuildFile; fileRef = B91EFB3018DC7D0900393E45 /* libSHDataSources.a */; };
		B91EFB4E18DC7D0900393E45 /* InfoPlist.strings in Resources */ = {isa = PBXBuildFile; fileRef = B91EFB4C18DC7D0900393E45 /* InfoPlist.strings */; };
		B91EFB5018DC7D0900393E45 /* SHDataSourcesTests.m in Sources */ = {isa = PBXBuildFile; fileRef = B91EFB4F18DC7D0900393E45 /* SHDataSourcesTests.m */; };
		B91EFB7A18DC7DE900393E45 /* SHArrayDataSource.m in Sources */ = {isa = PBXBuildFile; fileRef = B91EFB7518DC7DE900393E45 /* SHArrayDataSource.m */; };
		B91EFB7B18DC7DE900393E45 /* SHEmptyDataSource.m in Sources */ = {isa = PBXBuildFile; fileRef = B91EFB7718DC7DE900393E45 /* SHEmptyDataSource.m */; };
		B91EFB7C18DC7DE900393E45 /* SHMutableArrayDataSource.m in Sources */ = {isa = PBXBuildFile; fileRef = B91EFB7918DC7DE900393E45 /* SHMutableArrayDataSource.m */; };
/* End PBXBuildFile section */

/* Begin PBXContainerItemProxy section */
		B91EFB4618DC7D0900393E45 /* PBXContainerItemProxy */ = {
			isa = PBXContainerItemProxy;
			containerPortal = B91EFB2818DC7D0900393E45 /* Project object */;
			proxyType = 1;
			remoteGlobalIDString = B91EFB2F18DC7D0900393E45;
			remoteInfo = SHDataSources;
		};
/* End PBXContainerItemProxy section */

/* Begin PBXCopyFilesBuildPhase section */
		B91EFB2E18DC7D0900393E45 /* CopyFiles */ = {
			isa = PBXCopyFilesBuildPhase;
			buildActionMask = 2147483647;
			dstPath = "include/$(PRODUCT_NAME)";
			dstSubfolderSpec = 16;
			files = (
			);
			runOnlyForDeploymentPostprocessing = 0;
		};
/* End PBXCopyFilesBuildPhase section */

/* Begin PBXFileReference section */
		B91EFB3018DC7D0900393E45 /* libSHDataSources.a */ = {isa = PBXFileReference; explicitFileType = archive.ar; includeInIndex = 0; path = libSHDataSources.a; sourceTree = BUILT_PRODUCTS_DIR; };
		B91EFB3318DC7D0900393E45 /* Foundation.framework */ = {isa = PBXFileReference; lastKnownFileType = wrapper.framework; name = Foundation.framework; path = System/Library/Frameworks/Foundation.framework; sourceTree = SDKROOT; };
		B91EFB4018DC7D0900393E45 /* SHDataSourcesTests.xctest */ = {isa = PBXFileReference; explicitFileType = wrapper.cfbundle; includeInIndex = 0; path = SHDataSourcesTests.xctest; sourceTree = BUILT_PRODUCTS_DIR; };
		B91EFB4118DC7D0900393E45 /* XCTest.framework */ = {isa = PBXFileReference; lastKnownFileType = wrapper.framework; name = XCTest.framework; path = Library/Frameworks/XCTest.framework; sourceTree = DEVELOPER_DIR; };
		B91EFB4418DC7D0900393E45 /* UIKit.framework */ = {isa = PBXFileReference; lastKnownFileType = wrapper.framework; name = UIKit.framework; path = Library/Frameworks/UIKit.framework; sourceTree = DEVELOPER_DIR; };
		B91EFB4B18DC7D0900393E45 /* SHDataSourcesTests-Info.plist */ = {isa = PBXFileReference; lastKnownFileType = text.plist.xml; path = "SHDataSourcesTests-Info.plist"; sourceTree = "<group>"; };
		B91EFB4D18DC7D0900393E45 /* en */ = {isa = PBXFileReference; lastKnownFileType = text.plist.strings; name = en; path = en.lproj/InfoPlist.strings; sourceTree = "<group>"; };
		B91EFB4F18DC7D0900393E45 /* SHDataSourcesTests.m */ = {isa = PBXFileReference; lastKnownFileType = sourcecode.c.objc; path = SHDataSourcesTests.m; sourceTree = "<group>"; };
		B91EFB5C18DC7D5800393E45 /* SHDataSources-Prefix.pch */ = {isa = PBXFileReference; fileEncoding = 4; lastKnownFileType = sourcecode.c.h; name = "SHDataSources-Prefix.pch"; path = "Classes/SHDataSources-Prefix.pch"; sourceTree = SOURCE_ROOT; };
		B91EFB7318DC7DE900393E45 /* SHArrayDataSource_Protected.h */ = {isa = PBXFileReference; fileEncoding = 4; lastKnownFileType = sourcecode.c.h; name = SHArrayDataSource_Protected.h; path = Classes/SHArrayDataSource_Protected.h; sourceTree = SOURCE_ROOT; };
		B91EFB7418DC7DE900393E45 /* SHArrayDataSource.h */ = {isa = PBXFileReference; fileEncoding = 4; lastKnownFileType = sourcecode.c.h; name = SHArrayDataSource.h; path = Classes/SHArrayDataSource.h; sourceTree = SOURCE_ROOT; };
		B91EFB7518DC7DE900393E45 /* SHArrayDataSource.m */ = {isa = PBXFileReference; fileEncoding = 4; lastKnownFileType = sourcecode.c.objc; name = SHArrayDataSource.m; path = Classes/SHArrayDataSource.m; sourceTree = SOURCE_ROOT; };
		B91EFB7618DC7DE900393E45 /* SHEmptyDataSource.h */ = {isa = PBXFileReference; fileEncoding = 4; lastKnownFileType = sourcecode.c.h; name = SHEmptyDataSource.h; path = Classes/SHEmptyDataSource.h; sourceTree = SOURCE_ROOT; };
		B91EFB7718DC7DE900393E45 /* SHEmptyDataSource.m */ = {isa = PBXFileReference; fileEncoding = 4; lastKnownFileType = sourcecode.c.objc; name = SHEmptyDataSource.m; path = Classes/SHEmptyDataSource.m; sourceTree = SOURCE_ROOT; };
		B91EFB7818DC7DE900393E45 /* SHMutableArrayDataSource.h */ = {isa = PBXFileReference; fileEncoding = 4; lastKnownFileType = sourcecode.c.h; name = SHMutableArrayDataSource.h; path = Classes/SHMutableArrayDataSource.h; sourceTree = SOURCE_ROOT; };
		B91EFB7918DC7DE900393E45 /* SHMutableArrayDataSource.m */ = {isa = PBXFileReference; fileEncoding = 4; lastKnownFileType = sourcecode.c.objc; name = SHMutableArrayDataSource.m; path = Classes/SHMutableArrayDataSource.m; sourceTree = SOURCE_ROOT; };
/* End PBXFileReference section */

/* Begin PBXFrameworksBuildPhase section */
		B91EFB2D18DC7D0900393E45 /* Frameworks */ = {
			isa = PBXFrameworksBuildPhase;
			buildActionMask = 2147483647;
			files = (
				B91EFB3418DC7D0900393E45 /* Foundation.framework in Frameworks */,
			);
			runOnlyForDeploymentPostprocessing = 0;
		};
		B91EFB3D18DC7D0900393E45 /* Frameworks */ = {
			isa = PBXFrameworksBuildPhase;
			buildActionMask = 2147483647;
			files = (
				B91EFB4218DC7D0900393E45 /* XCTest.framework in Frameworks */,
				B91EFB4818DC7D0900393E45 /* libSHDataSources.a in Frameworks */,
				B91EFB4518DC7D0900393E45 /* UIKit.framework in Frameworks */,
				B91EFB4318DC7D0900393E45 /* Foundation.framework in Frameworks */,
			);
			runOnlyForDeploymentPostprocessing = 0;
		};
/* End PBXFrameworksBuildPhase section */

/* Begin PBXGroup section */
		B91EFB2718DC7D0900393E45 = {
			isa = PBXGroup;
			children = (
				B91EFB3518DC7D0900393E45 /* SHDataSources */,
				B91EFB4918DC7D0900393E45 /* SHDataSourcesTests */,
				B91EFB3218DC7D0900393E45 /* Frameworks */,
				B91EFB3118DC7D0900393E45 /* Products */,
			);
			sourceTree = "<group>";
		};
		B91EFB3118DC7D0900393E45 /* Products */ = {
			isa = PBXGroup;
			children = (
				B91EFB3018DC7D0900393E45 /* libSHDataSources.a */,
				B91EFB4018DC7D0900393E45 /* SHDataSourcesTests.xctest */,
			);
			name = Products;
			sourceTree = "<group>";
		};
		B91EFB3218DC7D0900393E45 /* Frameworks */ = {
			isa = PBXGroup;
			children = (
				B91EFB3318DC7D0900393E45 /* Foundation.framework */,
				B91EFB4118DC7D0900393E45 /* XCTest.framework */,
				B91EFB4418DC7D0900393E45 /* UIKit.framework */,
			);
			name = Frameworks;
			sourceTree = "<group>";
		};
		B91EFB3518DC7D0900393E45 /* SHDataSources */ = {
			isa = PBXGroup;
			children = (
				B91EFB7318DC7DE900393E45 /* SHArrayDataSource_Protected.h */,
				B91EFB7418DC7DE900393E45 /* SHArrayDataSource.h */,
				B91EFB7518DC7DE900393E45 /* SHArrayDataSource.m */,
				B91EFB7618DC7DE900393E45 /* SHEmptyDataSource.h */,
				B91EFB7718DC7DE900393E45 /* SHEmptyDataSource.m */,
				B91EFB7818DC7DE900393E45 /* SHMutableArrayDataSource.h */,
				B91EFB7918DC7DE900393E45 /* SHMutableArrayDataSource.m */,
				B91EFB3618DC7D0900393E45 /* Supporting Files */,
			);
			path = SHDataSources;
			sourceTree = "<group>";
		};
		B91EFB3618DC7D0900393E45 /* Supporting Files */ = {
			isa = PBXGroup;
			children = (
				B91EFB5C18DC7D5800393E45 /* SHDataSources-Prefix.pch */,
			);
			name = "Supporting Files";
			sourceTree = "<group>";
		};
		B91EFB4918DC7D0900393E45 /* SHDataSourcesTests */ = {
			isa = PBXGroup;
			children = (
				B91EFB4F18DC7D0900393E45 /* SHDataSourcesTests.m */,
				B91EFB4A18DC7D0900393E45 /* Supporting Files */,
			);
			path = SHDataSourcesTests;
			sourceTree = "<group>";
		};
		B91EFB4A18DC7D0900393E45 /* Supporting Files */ = {
			isa = PBXGroup;
			children = (
				B91EFB4B18DC7D0900393E45 /* SHDataSourcesTests-Info.plist */,
				B91EFB4C18DC7D0900393E45 /* InfoPlist.strings */,
			);
			name = "Supporting Files";
			sourceTree = "<group>";
		};
/* End PBXGroup section */

/* Begin PBXNativeTarget section */
		B91EFB2F18DC7D0900393E45 /* SHDataSources */ = {
			isa = PBXNativeTarget;
			buildConfigurationList = B91EFB5318DC7D0900393E45 /* Build configuration list for PBXNativeTarget "SHDataSources" */;
			buildPhases = (
				B91EFB2C18DC7D0900393E45 /* Sources */,
				B91EFB2D18DC7D0900393E45 /* Frameworks */,
				B91EFB2E18DC7D0900393E45 /* CopyFiles */,
			);
			buildRules = (
			);
			dependencies = (
			);
			name = SHDataSources;
			productName = SHDataSources;
			productReference = B91EFB3018DC7D0900393E45 /* libSHDataSources.a */;
			productType = "com.apple.product-type.library.static";
		};
		B91EFB3F18DC7D0900393E45 /* SHDataSourcesTests */ = {
			isa = PBXNativeTarget;
			buildConfigurationList = B91EFB5618DC7D0900393E45 /* Build configuration list for PBXNativeTarget "SHDataSourcesTests" */;
			buildPhases = (
				B91EFB3C18DC7D0900393E45 /* Sources */,
				B91EFB3D18DC7D0900393E45 /* Frameworks */,
				B91EFB3E18DC7D0900393E45 /* Resources */,
			);
			buildRules = (
			);
			dependencies = (
				B91EFB4718DC7D0900393E45 /* PBXTargetDependency */,
			);
			name = SHDataSourcesTests;
			productName = SHDataSourcesTests;
			productReference = B91EFB4018DC7D0900393E45 /* SHDataSourcesTests.xctest */;
			productType = "com.apple.product-type.bundle.unit-test";
		};
/* End PBXNativeTarget section */

/* Begin PBXProject section */
		B91EFB2818DC7D0900393E45 /* Project object */ = {
			isa = PBXProject;
			attributes = {
				LastUpgradeCheck = 0510;
				ORGANIZATIONNAME = "Stefan Herold";
			};
			buildConfigurationList = B91EFB2B18DC7D0900393E45 /* Build configuration list for PBXProject "SHDataSources" */;
			compatibilityVersion = "Xcode 3.2";
			developmentRegion = English;
			hasScannedForEncodings = 0;
			knownRegions = (
				en,
			);
			mainGroup = B91EFB2718DC7D0900393E45;
			productRefGroup = B91EFB3118DC7D0900393E45 /* Products */;
			projectDirPath = "";
			projectRoot = "";
			targets = (
				B91EFB2F18DC7D0900393E45 /* SHDataSources */,
				B91EFB3F18DC7D0900393E45 /* SHDataSourcesTests */,
			);
		};
/* End PBXProject section */

/* Begin PBXResourcesBuildPhase section */
		B91EFB3E18DC7D0900393E45 /* Resources */ = {
			isa = PBXResourcesBuildPhase;
			buildActionMask = 2147483647;
			files = (
				B91EFB4E18DC7D0900393E45 /* InfoPlist.strings in Resources */,
			);
			runOnlyForDeploymentPostprocessing = 0;
		};
/* End PBXResourcesBuildPhase section */

/* Begin PBXSourcesBuildPhase section */
		B91EFB2C18DC7D0900393E45 /* Sources */ = {
			isa = PBXSourcesBuildPhase;
			buildActionMask = 2147483647;
			files = (
				B91EFB7C18DC7DE900393E45 /* SHMutableArrayDataSource.m in Sources */,
				B91EFB7A18DC7DE900393E45 /* SHArrayDataSource.m in Sources */,
				B91EFB7B18DC7DE900393E45 /* SHEmptyDataSource.m in Sources */,
			);
			runOnlyForDeploymentPostprocessing = 0;
		};
		B91EFB3C18DC7D0900393E45 /* Sources */ = {
			isa = PBXSourcesBuildPhase;
			buildActionMask = 2147483647;
			files = (
				B91EFB5018DC7D0900393E45 /* SHDataSourcesTests.m in Sources */,
			);
			runOnlyForDeploymentPostprocessing = 0;
		};
/* End PBXSourcesBuildPhase section */

/* Begin PBXTargetDependency section */
		B91EFB4718DC7D0900393E45 /* PBXTargetDependency */ = {
			isa = PBXTargetDependency;
			target = B91EFB2F18DC7D0900393E45 /* SHDataSources */;
			targetProxy = B91EFB4618DC7D0900393E45 /* PBXContainerItemProxy */;
		};
/* End PBXTargetDependency section */

/* Begin PBXVariantGroup section */
		B91EFB4C18DC7D0900393E45 /* InfoPlist.strings */ = {
			isa = PBXVariantGroup;
			children = (
				B91EFB4D18DC7D0900393E45 /* en */,
			);
			name = InfoPlist.strings;
			sourceTree = "<group>";
		};
/* End PBXVariantGroup section */

/* Begin XCBuildConfiguration section */
		B91EFB5118DC7D0900393E45 /* Debug */ = {
			isa = XCBuildConfiguration;
			buildSettings = {
				ALWAYS_SEARCH_USER_PATHS = NO;
				CLANG_CXX_LANGUAGE_STANDARD = "gnu++0x";
				CLANG_CXX_LIBRARY = "libc++";
				CLANG_ENABLE_MODULES = YES;
				CLANG_ENABLE_OBJC_ARC = YES;
				CLANG_WARN_BOOL_CONVERSION = YES;
				CLANG_WARN_CONSTANT_CONVERSION = YES;
				CLANG_WARN_DIRECT_OBJC_ISA_USAGE = YES_ERROR;
				CLANG_WARN_EMPTY_BODY = YES;
				CLANG_WARN_ENUM_CONVERSION = YES;
				CLANG_WARN_INT_CONVERSION = YES;
				CLANG_WARN_OBJC_ROOT_CLASS = YES_ERROR;
				CLANG_WARN__DUPLICATE_METHOD_MATCH = YES;
				COPY_PHASE_STRIP = NO;
				GCC_C_LANGUAGE_STANDARD = gnu99;
				GCC_DYNAMIC_NO_PIC = NO;
				GCC_OPTIMIZATION_LEVEL = 0;
				GCC_PREPROCESSOR_DEFINITIONS = (
					"DEBUG=1",
					"$(inherited)",
				);
				GCC_SYMBOLS_PRIVATE_EXTERN = NO;
				GCC_WARN_64_TO_32_BIT_CONVERSION = YES;
				GCC_WARN_ABOUT_RETURN_TYPE = YES_ERROR;
				GCC_WARN_UNDECLARED_SELECTOR = YES;
				GCC_WARN_UNINITIALIZED_AUTOS = YES_AGGRESSIVE;
				GCC_WARN_UNUSED_FUNCTION = YES;
				GCC_WARN_UNUSED_VARIABLE = YES;
				IPHONEOS_DEPLOYMENT_TARGET = 6.0;
				ONLY_ACTIVE_ARCH = YES;
				SDKROOT = iphoneos;
			};
			name = Debug;
		};
		B91EFB5218DC7D0900393E45 /* Release */ = {
			isa = XCBuildConfiguration;
			buildSettings = {
				ALWAYS_SEARCH_USER_PATHS = NO;
				CLANG_CXX_LANGUAGE_STANDARD = "gnu++0x";
				CLANG_CXX_LIBRARY = "libc++";
				CLANG_ENABLE_MODULES = YES;
				CLANG_ENABLE_OBJC_ARC = YES;
				CLANG_WARN_BOOL_CONVERSION = YES;
				CLANG_WARN_CONSTANT_CONVERSION = YES;
				CLANG_WARN_DIRECT_OBJC_ISA_USAGE = YES_ERROR;
				CLANG_WARN_EMPTY_BODY = YES;
				CLANG_WARN_ENUM_CONVERSION = YES;
				CLANG_WARN_INT_CONVERSION = YES;
				CLANG_WARN_OBJC_ROOT_CLASS = YES_ERROR;
				CLANG_WARN__DUPLICATE_METHOD_MATCH = YES;
				COPY_PHASE_STRIP = YES;
				ENABLE_NS_ASSERTIONS = NO;
				GCC_C_LANGUAGE_STANDARD = gnu99;
				GCC_WARN_64_TO_32_BIT_CONVERSION = YES;
				GCC_WARN_ABOUT_RETURN_TYPE = YES_ERROR;
				GCC_WARN_UNDECLARED_SELECTOR = YES;
				GCC_WARN_UNINITIALIZED_AUTOS = YES_AGGRESSIVE;
				GCC_WARN_UNUSED_FUNCTION = YES;
				GCC_WARN_UNUSED_VARIABLE = YES;
				IPHONEOS_DEPLOYMENT_TARGET = 6.0;
				SDKROOT = iphoneos;
				VALIDATE_PRODUCT = YES;
			};
			name = Release;
		};
		B91EFB5418DC7D0900393E45 /* Debug */ = {
			isa = XCBuildConfiguration;
			buildSettings = {
				DSTROOT = /tmp/SHDataSources.dst;
				GCC_PRECOMPILE_PREFIX_HEADER = YES;
				GCC_PREFIX_HEADER = "Classes/SHDataSources-Prefix.pch";
				OTHER_LDFLAGS = "-ObjC";
				PRODUCT_NAME = "$(TARGET_NAME)";
				SKIP_INSTALL = YES;
			};
			name = Debug;
		};
		B91EFB5518DC7D0900393E45 /* Release */ = {
			isa = XCBuildConfiguration;
			buildSettings = {
				DSTROOT = /tmp/SHDataSources.dst;
				GCC_PRECOMPILE_PREFIX_HEADER = YES;
				GCC_PREFIX_HEADER = "Classes/SHDataSources-Prefix.pch";
				OTHER_LDFLAGS = "-ObjC";
				PRODUCT_NAME = "$(TARGET_NAME)";
				SKIP_INSTALL = YES;
			};
			name = Release;
		};
		B91EFB5718DC7D0900393E45 /* Debug */ = {
			isa = XCBuildConfiguration;
			buildSettings = {
				FRAMEWORK_SEARCH_PATHS = (
					"$(SDKROOT)/Developer/Library/Frameworks",
					"$(inherited)",
					"$(DEVELOPER_FRAMEWORKS_DIR)",
				);
				GCC_PRECOMPILE_PREFIX_HEADER = YES;
				GCC_PREFIX_HEADER = "SHDataSources/SHDataSources-Prefix.pch";
				GCC_PREPROCESSOR_DEFINITIONS = (
					"DEBUG=1",
					"$(inherited)",
				);
				INFOPLIST_FILE = "SHDataSourcesTests/SHDataSourcesTests-Info.plist";
				PRODUCT_NAME = "$(TARGET_NAME)";
				WRAPPER_EXTENSION = xctest;
			};
			name = Debug;
		};
		B91EFB5818DC7D0900393E45 /* Release */ = {
			isa = XCBuildConfiguration;
			buildSettings = {
				FRAMEWORK_SEARCH_PATHS = (
					"$(SDKROOT)/Developer/Library/Frameworks",
					"$(inherited)",
					"$(DEVELOPER_FRAMEWORKS_DIR)",
				);
				GCC_PRECOMPILE_PREFIX_HEADER = YES;
				GCC_PREFIX_HEADER = "SHDataSources/SHDataSources-Prefix.pch";
				INFOPLIST_FILE = "SHDataSourcesTests/SHDataSourcesTests-Info.plist";
				PRODUCT_NAME = "$(TARGET_NAME)";
				WRAPPER_EXTENSION = xctest;
			};
			name = Release;
		};
/* End XCBuildConfiguration section */

/* Begin XCConfigurationList section */
		B91EFB2B18DC7D0900393E45 /* Build configuration list for PBXProject "SHDataSources" */ = {
			isa = XCConfigurationList;
			buildConfigurations = (
				B91EFB5118DC7D0900393E45 /* Debug */,
				B91EFB5218DC7D0900393E45 /* Release */,
			);
			defaultConfigurationIsVisible = 0;
			defaultConfigurationName = Release;
		};
		B91EFB5318DC7D0900393E45 /* Build configuration list for PBXNativeTarget "SHDataSources" */ = {
			isa = XCConfigurationList;
			buildConfigurations = (
				B91EFB5418DC7D0900393E45 /* Debug */,
				B91EFB5518DC7D0900393E45 /* Release */,
			);
			defaultConfigurationIsVisible = 0;
			defaultConfigurationName = Release;
		};
		B91EFB5618DC7D0900393E45 /* Build configuration list for PBXNativeTarget "SHDataSourcesTests" */ = {
			isa = XCConfigurationList;
			buildConfigurations = (
				B91EFB5718DC7D0900393E45 /* Debug */,
				B91EFB5818DC7D0900393E45 /* Release */,
			);
			defaultConfigurationIsVisible = 0;
			defaultConfigurationName = Release;
		};
/* End XCConfigurationList section */
	};
	rootObject = B91EFB2818DC7D0900393E45 /* Project object */;
}
