// !$*UTF8*$!
{
	archiveVersion = 1;
	classes = {
	};
	objectVersion = 46;
	objects = {

/* Begin PBXBuildFile section */
		B91EFB3418DC7D0900393E45 /* Foundation.framework in Frameworks */ = {isa = PBXBuildFile; fileRef = B91EFB3318DC7D0900393E45 /* Foundation.framework */; };
		B91EFB7A18DC7DE900393E45 /* SHDataSource.m in Sources */ = {isa = PBXBuildFile; fileRef = B91EFB7518DC7DE900393E45 /* SHDataSource.m */; };
		B91EFB7B18DC7DE900393E45 /* SHEmptyDataSource.m in Sources */ = {isa = PBXBuildFile; fileRef = B91EFB7718DC7DE900393E45 /* SHEmptyDataSource.m */; };
		B95B67DC196BDCF9009C4390 /* SHItemCollection.m in Sources */ = {isa = PBXBuildFile; fileRef = B95B67DB196BDCF9009C4390 /* SHItemCollection.m */; };
		B95B682A196C2922009C4390 /* SHDataSources.h in Headers */ = {isa = PBXBuildFile; fileRef = B91EFB9318DC865F00393E45 /* SHDataSources.h */; settings = {ATTRIBUTES = (Public, ); }; };
		B95B682B196C2922009C4390 /* SHDataSource.h in Headers */ = {isa = PBXBuildFile; fileRef = B91EFB7418DC7DE900393E45 /* SHDataSource.h */; settings = {ATTRIBUTES = (Public, ); }; };
		B95B682C196C2922009C4390 /* SHEmptyDataSource.h in Headers */ = {isa = PBXBuildFile; fileRef = B91EFB7618DC7DE900393E45 /* SHEmptyDataSource.h */; settings = {ATTRIBUTES = (Public, ); }; };
		B95B682D196C2922009C4390 /* SHItemCollection.h in Headers */ = {isa = PBXBuildFile; fileRef = B95B67DA196BDCF9009C4390 /* SHItemCollection.h */; settings = {ATTRIBUTES = (Public, ); }; };
/* End PBXBuildFile section */

/* Begin PBXCopyFilesBuildPhase section */
		B91EFB2E18DC7D0900393E45 /* CopyFiles */ = {
			isa = PBXCopyFilesBuildPhase;
			buildActionMask = 2147483647;
			dstPath = "include/$(PRODUCT_NAME)";
			dstSubfolderSpec = 16;
			files = (
			);
			runOnlyForDeploymentPostprocessing = 0;
		};
/* End PBXCopyFilesBuildPhase section */

/* Begin PBXFileReference section */
		B91EFB3018DC7D0900393E45 /* libSHDataSources.a */ = {isa = PBXFileReference; explicitFileType = archive.ar; includeInIndex = 0; path = libSHDataSources.a; sourceTree = BUILT_PRODUCTS_DIR; };
		B91EFB3318DC7D0900393E45 /* Foundation.framework */ = {isa = PBXFileReference; lastKnownFileType = wrapper.framework; name = Foundation.framework; path = System/Library/Frameworks/Foundation.framework; sourceTree = SDKROOT; };
		B91EFB5C18DC7D5800393E45 /* SHDataSources-Prefix.pch */ = {isa = PBXFileReference; fileEncoding = 4; lastKnownFileType = sourcecode.c.h; name = "SHDataSources-Prefix.pch"; path = "Classes/SHDataSources-Prefix.pch"; sourceTree = SOURCE_ROOT; };
		B91EFB7418DC7DE900393E45 /* SHDataSource.h */ = {isa = PBXFileReference; fileEncoding = 4; lastKnownFileType = sourcecode.c.h; name = SHDataSource.h; path = Classes/SHDataSource.h; sourceTree = SOURCE_ROOT; };
		B91EFB7518DC7DE900393E45 /* SHDataSource.m */ = {isa = PBXFileReference; fileEncoding = 4; lastKnownFileType = sourcecode.c.objc; name = SHDataSource.m; path = Classes/SHDataSource.m; sourceTree = SOURCE_ROOT; };
		B91EFB7618DC7DE900393E45 /* SHEmptyDataSource.h */ = {isa = PBXFileReference; fileEncoding = 4; lastKnownFileType = sourcecode.c.h; name = SHEmptyDataSource.h; path = Classes/SHEmptyDataSource.h; sourceTree = SOURCE_ROOT; };
		B91EFB7718DC7DE900393E45 /* SHEmptyDataSource.m */ = {isa = PBXFileReference; fileEncoding = 4; lastKnownFileType = sourcecode.c.objc; name = SHEmptyDataSource.m; path = Classes/SHEmptyDataSource.m; sourceTree = SOURCE_ROOT; };
		B91EFB9318DC865F00393E45 /* SHDataSources.h */ = {isa = PBXFileReference; fileEncoding = 4; lastKnownFileType = sourcecode.c.h; name = SHDataSources.h; path = Classes/SHDataSources.h; sourceTree = SOURCE_ROOT; };
		B91EFB9818DC886E00393E45 /* SHDataSource_Protected.h */ = {isa = PBXFileReference; fileEncoding = 4; lastKnownFileType = sourcecode.c.h; name = SHDataSource_Protected.h; path = Classes/SHDataSource_Protected.h; sourceTree = SOURCE_ROOT; };
		B95B67D9196AC1C9009C4390 /* README.md */ = {isa = PBXFileReference; fileEncoding = 4; lastKnownFileType = text; path = README.md; sourceTree = SOURCE_ROOT; };
		B95B67DA196BDCF9009C4390 /* SHItemCollection.h */ = {isa = PBXFileReference; fileEncoding = 4; lastKnownFileType = sourcecode.c.h; name = SHItemCollection.h; path = Classes/SHItemCollection.h; sourceTree = SOURCE_ROOT; };
		B95B67DB196BDCF9009C4390 /* SHItemCollection.m */ = {isa = PBXFileReference; fileEncoding = 4; lastKnownFileType = sourcecode.c.objc; name = SHItemCollection.m; path = Classes/SHItemCollection.m; sourceTree = SOURCE_ROOT; };
/* End PBXFileReference section */

/* Begin PBXFrameworksBuildPhase section */
		B91EFB2D18DC7D0900393E45 /* Frameworks */ = {
			isa = PBXFrameworksBuildPhase;
			buildActionMask = 2147483647;
			files = (
				B91EFB3418DC7D0900393E45 /* Foundation.framework in Frameworks */,
			);
			runOnlyForDeploymentPostprocessing = 0;
		};
/* End PBXFrameworksBuildPhase section */

/* Begin PBXGroup section */
		B91EFB2718DC7D0900393E45 = {
			isa = PBXGroup;
			children = (
				B95B67D9196AC1C9009C4390 /* README.md */,
				B91EFB9318DC865F00393E45 /* SHDataSources.h */,
				B91EFB3518DC7D0900393E45 /* Core */,
				B91EFB3218DC7D0900393E45 /* Frameworks */,
				B91EFB3118DC7D0900393E45 /* Products */,
			);
			sourceTree = "<group>";
		};
		B91EFB3118DC7D0900393E45 /* Products */ = {
			isa = PBXGroup;
			children = (
				B91EFB3018DC7D0900393E45 /* libSHDataSources.a */,
			);
			name = Products;
			sourceTree = "<group>";
		};
		B91EFB3218DC7D0900393E45 /* Frameworks */ = {
			isa = PBXGroup;
			children = (
				B91EFB3318DC7D0900393E45 /* Foundation.framework */,
			);
			name = Frameworks;
			sourceTree = "<group>";
		};
		B91EFB3518DC7D0900393E45 /* Core */ = {
			isa = PBXGroup;
			children = (
				B91EFB9818DC886E00393E45 /* SHDataSource_Protected.h */,
				B91EFB7418DC7DE900393E45 /* SHDataSource.h */,
				B91EFB7518DC7DE900393E45 /* SHDataSource.m */,
				B91EFB7618DC7DE900393E45 /* SHEmptyDataSource.h */,
				B91EFB7718DC7DE900393E45 /* SHEmptyDataSource.m */,
				B95B67DA196BDCF9009C4390 /* SHItemCollection.h */,
				B95B67DB196BDCF9009C4390 /* SHItemCollection.m */,
				B91EFB3618DC7D0900393E45 /* Supporting Files */,
			);
			name = Core;
			path = SHDataSources;
			sourceTree = "<group>";
		};
		B91EFB3618DC7D0900393E45 /* Supporting Files */ = {
			isa = PBXGroup;
			children = (
				B91EFB5C18DC7D5800393E45 /* SHDataSources-Prefix.pch */,
			);
			name = "Supporting Files";
			sourceTree = "<group>";
		};
/* End PBXGroup section */

/* Begin PBXHeadersBuildPhase section */
		B95B6829196C2909009C4390 /* Headers */ = {
			isa = PBXHeadersBuildPhase;
			buildActionMask = 2147483647;
			files = (
				B95B682A196C2922009C4390 /* SHDataSources.h in Headers */,
				B95B682B196C2922009C4390 /* SHDataSource.h in Headers */,
				B95B682C196C2922009C4390 /* SHEmptyDataSource.h in Headers */,
				B95B682D196C2922009C4390 /* SHItemCollection.h in Headers */,
			);
			runOnlyForDeploymentPostprocessing = 0;
		};
/* End PBXHeadersBuildPhase section */

/* Begin PBXNativeTarget section */
		B91EFB2F18DC7D0900393E45 /* SHDataSources */ = {
			isa = PBXNativeTarget;
			buildConfigurationList = B91EFB5318DC7D0900393E45 /* Build configuration list for PBXNativeTarget "SHDataSources" */;
			buildPhases = (
				B91EFB2C18DC7D0900393E45 /* Sources */,
				B91EFB2D18DC7D0900393E45 /* Frameworks */,
				B91EFB2E18DC7D0900393E45 /* CopyFiles */,
				B95B6829196C2909009C4390 /* Headers */,
			);
			buildRules = (
			);
			dependencies = (
			);
			name = SHDataSources;
			productName = SHDataSources;
			productReference = B91EFB3018DC7D0900393E45 /* libSHDataSources.a */;
			productType = "com.apple.product-type.library.static";
		};
/* End PBXNativeTarget section */

/* Begin PBXProject section */
		B91EFB2818DC7D0900393E45 /* Project object */ = {
			isa = PBXProject;
			attributes = {
				CLASSPREFIX = SH;
				LastUpgradeCheck = 0510;
				ORGANIZATIONNAME = "Stefan Herold";
			};
			buildConfigurationList = B91EFB2B18DC7D0900393E45 /* Build configuration list for PBXProject "SHDataSources" */;
			compatibilityVersion = "Xcode 3.2";
			developmentRegion = English;
			hasScannedForEncodings = 0;
			knownRegions = (
				en,
			);
			mainGroup = B91EFB2718DC7D0900393E45;
			productRefGroup = B91EFB3118DC7D0900393E45 /* Products */;
			projectDirPath = "";
			projectRoot = "";
			targets = (
				B91EFB2F18DC7D0900393E45 /* SHDataSources */,
			);
		};
/* End PBXProject section */

/* Begin PBXSourcesBuildPhase section */
		B91EFB2C18DC7D0900393E45 /* Sources */ = {
			isa = PBXSourcesBuildPhase;
			buildActionMask = 2147483647;
			files = (
				B91EFB7A18DC7DE900393E45 /* SHDataSource.m in Sources */,
				B91EFB7B18DC7DE900393E45 /* SHEmptyDataSource.m in Sources */,
				B95B67DC196BDCF9009C4390 /* SHItemCollection.m in Sources */,
			);
			runOnlyForDeploymentPostprocessing = 0;
		};
/* End PBXSourcesBuildPhase section */

/* Begin XCBuildConfiguration section */
		B91EFB5118DC7D0900393E45 /* Debug */ = {
			isa = XCBuildConfiguration;
			buildSettings = {
				ALWAYS_SEARCH_USER_PATHS = NO;
				CLANG_CXX_LANGUAGE_STANDARD = "gnu++0x";
				CLANG_CXX_LIBRARY = "libc++";
				CLANG_ENABLE_MODULES = YES;
				CLANG_ENABLE_OBJC_ARC = YES;
				CLANG_WARN_BOOL_CONVERSION = YES;
				CLANG_WARN_CONSTANT_CONVERSION = YES;
				CLANG_WARN_DIRECT_OBJC_ISA_USAGE = YES_ERROR;
				CLANG_WARN_EMPTY_BODY = YES;
				CLANG_WARN_ENUM_CONVERSION = YES;
				CLANG_WARN_INT_CONVERSION = YES;
				CLANG_WARN_OBJC_ROOT_CLASS = YES_ERROR;
				CLANG_WARN__DUPLICATE_METHOD_MATCH = YES;
				COPY_PHASE_STRIP = NO;
				GCC_C_LANGUAGE_STANDARD = gnu99;
				GCC_DYNAMIC_NO_PIC = NO;
				GCC_OPTIMIZATION_LEVEL = 0;
				GCC_PREPROCESSOR_DEFINITIONS = (
					"DEBUG=1",
					"$(inherited)",
				);
				GCC_SYMBOLS_PRIVATE_EXTERN = NO;
				GCC_WARN_64_TO_32_BIT_CONVERSION = YES;
				GCC_WARN_ABOUT_RETURN_TYPE = YES_ERROR;
				GCC_WARN_UNDECLARED_SELECTOR = YES;
				GCC_WARN_UNINITIALIZED_AUTOS = YES_AGGRESSIVE;
				GCC_WARN_UNUSED_FUNCTION = YES;
				GCC_WARN_UNUSED_VARIABLE = YES;
				IPHONEOS_DEPLOYMENT_TARGET = 6.0;
				ONLY_ACTIVE_ARCH = YES;
				SDKROOT = iphoneos;
			};
			name = Debug;
		};
		B91EFB5218DC7D0900393E45 /* Release */ = {
			isa = XCBuildConfiguration;
			buildSettings = {
				ALWAYS_SEARCH_USER_PATHS = NO;
				CLANG_CXX_LANGUAGE_STANDARD = "gnu++0x";
				CLANG_CXX_LIBRARY = "libc++";
				CLANG_ENABLE_MODULES = YES;
				CLANG_ENABLE_OBJC_ARC = YES;
				CLANG_WARN_BOOL_CONVERSION = YES;
				CLANG_WARN_CONSTANT_CONVERSION = YES;
				CLANG_WARN_DIRECT_OBJC_ISA_USAGE = YES_ERROR;
				CLANG_WARN_EMPTY_BODY = YES;
				CLANG_WARN_ENUM_CONVERSION = YES;
				CLANG_WARN_INT_CONVERSION = YES;
				CLANG_WARN_OBJC_ROOT_CLASS = YES_ERROR;
				CLANG_WARN__DUPLICATE_METHOD_MATCH = YES;
				COPY_PHASE_STRIP = YES;
				ENABLE_NS_ASSERTIONS = NO;
				GCC_C_LANGUAGE_STANDARD = gnu99;
				GCC_WARN_64_TO_32_BIT_CONVERSION = YES;
				GCC_WARN_ABOUT_RETURN_TYPE = YES_ERROR;
				GCC_WARN_UNDECLARED_SELECTOR = YES;
				GCC_WARN_UNINITIALIZED_AUTOS = YES_AGGRESSIVE;
				GCC_WARN_UNUSED_FUNCTION = YES;
				GCC_WARN_UNUSED_VARIABLE = YES;
				IPHONEOS_DEPLOYMENT_TARGET = 6.0;
				SDKROOT = iphoneos;
				VALIDATE_PRODUCT = YES;
			};
			name = Release;
		};
		B91EFB5418DC7D0900393E45 /* Debug */ = {
			isa = XCBuildConfiguration;
			buildSettings = {
				DSTROOT = /tmp/SHDataSources.dst;
				GCC_PRECOMPILE_PREFIX_HEADER = YES;
				GCC_PREFIX_HEADER = "Classes/SHDataSources-Prefix.pch";
				OTHER_LDFLAGS = "-ObjC";
				PRODUCT_NAME = "$(TARGET_NAME)";
				SKIP_INSTALL = YES;
			};
			name = Debug;
		};
		B91EFB5518DC7D0900393E45 /* Release */ = {
			isa = XCBuildConfiguration;
			buildSettings = {
				DSTROOT = /tmp/SHDataSources.dst;
				GCC_PRECOMPILE_PREFIX_HEADER = YES;
				GCC_PREFIX_HEADER = "Classes/SHDataSources-Prefix.pch";
				OTHER_LDFLAGS = "-ObjC";
				PRODUCT_NAME = "$(TARGET_NAME)";
				SKIP_INSTALL = YES;
			};
			name = Release;
		};
/* End XCBuildConfiguration section */

/* Begin XCConfigurationList section */
		B91EFB2B18DC7D0900393E45 /* Build configuration list for PBXProject "SHDataSources" */ = {
			isa = XCConfigurationList;
			buildConfigurations = (
				B91EFB5118DC7D0900393E45 /* Debug */,
				B91EFB5218DC7D0900393E45 /* Release */,
			);
			defaultConfigurationIsVisible = 0;
			defaultConfigurationName = Release;
		};
		B91EFB5318DC7D0900393E45 /* Build configuration list for PBXNativeTarget "SHDataSources" */ = {
			isa = XCConfigurationList;
			buildConfigurations = (
				B91EFB5418DC7D0900393E45 /* Debug */,
				B91EFB5518DC7D0900393E45 /* Release */,
			);
			defaultConfigurationIsVisible = 0;
			defaultConfigurationName = Release;
		};
/* End XCConfigurationList section */
	};
	rootObject = B91EFB2818DC7D0900393E45 /* Project object */;
}
